{
  "name": "postgres_wire_protocol",
  "version": "1.0.0",
  "lockfileVersion": 3,
  "requires": true,
  "packages": {
    "": {
      "name": "postgres_wire_protocol",
      "version": "1.0.0",
      "license": "ISC",
      "dependencies": {
        "node-sql-parser": "^4.6.6"
      }
    },
    "node_modules/big-integer": {
      "version": "1.6.51",
      "resolved": "https://registry.npmjs.org/big-integer/-/big-integer-1.6.51.tgz",
      "integrity": "sha512-GPEid2Y9QU1Exl1rpO9B2IPJGHPSupF5GnVIP0blYvNOMer2bTvSWs1jGOUg04hTmu67nmLsQ9TBo1puaotBHg==",
      "engines": {
        "node": ">=0.6"
      }
    },
    "node_modules/node-sql-parser": {
      "version": "4.6.6",
      "resolved": "https://registry.npmjs.org/node-sql-parser/-/node-sql-parser-4.6.6.tgz",
      "integrity": "sha512-zpash5xnRY6+0C9HFru32iRJV1LTkwtrVpO90i385tYVF6efyXK/B3Nsq/15Fuv2utxrqHNjKtL55OHb8sl+eQ==",
      "dependencies": {
        "big-integer": "^1.6.48"
      },
      "engines": {
        "node": ">=8"
      }
    }
  }
}
